// !$*UTF8*$!
{
	archiveVersion = 1;
	classes = {
	};
	objectVersion = 55;
	objects = {

/* Begin PBXBuildFile section */
		EA76D4C52813EFF300BBB5CC /* AppDelegate.swift in Sources */ = {isa = PBXBuildFile; fileRef = EA76D4C42813EFF300BBB5CC /* AppDelegate.swift */; };
		EA76D4C72813EFF300BBB5CC /* SceneDelegate.swift in Sources */ = {isa = PBXBuildFile; fileRef = EA76D4C62813EFF300BBB5CC /* SceneDelegate.swift */; };
		EA76D4C92813EFF300BBB5CC /* CalendarViewController.swift in Sources */ = {isa = PBXBuildFile; fileRef = EA76D4C82813EFF300BBB5CC /* CalendarViewController.swift */; };
		EA76D4CC2813EFF300BBB5CC /* Main.storyboard in Resources */ = {isa = PBXBuildFile; fileRef = EA76D4CA2813EFF300BBB5CC /* Main.storyboard */; };
		EA76D4CE2813EFF400BBB5CC /* Assets.xcassets in Resources */ = {isa = PBXBuildFile; fileRef = EA76D4CD2813EFF400BBB5CC /* Assets.xcassets */; };
		EA76D4D12813EFF400BBB5CC /* LaunchScreen.storyboard in Resources */ = {isa = PBXBuildFile; fileRef = EA76D4CF2813EFF400BBB5CC /* LaunchScreen.storyboard */; };
		EA76D4D92813F36000BBB5CC /* CalendarCell.swift in Sources */ = {isa = PBXBuildFile; fileRef = EA76D4D82813F36000BBB5CC /* CalendarCell.swift */; };
		EA76D4DB2813F77C00BBB5CC /* CalendarManager.swift in Sources */ = {isa = PBXBuildFile; fileRef = EA76D4DA2813F77B00BBB5CC /* CalendarManager.swift */; };
		EA76D4DD2814041300BBB5CC /* DaysViewController.swift in Sources */ = {isa = PBXBuildFile; fileRef = EA76D4DC2814041300BBB5CC /* DaysViewController.swift */; };
		EA76D4DF28142B9E00BBB5CC /* MonthPageViewController.swift in Sources */ = {isa = PBXBuildFile; fileRef = EA76D4DE28142B9E00BBB5CC /* MonthPageViewController.swift */; };
/* End PBXBuildFile section */

/* Begin PBXFileReference section */
		EA76D4C12813EFF300BBB5CC /* Calendar-Vezdekod.app */ = {isa = PBXFileReference; explicitFileType = wrapper.application; includeInIndex = 0; path = "Calendar-Vezdekod.app"; sourceTree = BUILT_PRODUCTS_DIR; };
		EA76D4C42813EFF300BBB5CC /* AppDelegate.swift */ = {isa = PBXFileReference; lastKnownFileType = sourcecode.swift; path = AppDelegate.swift; sourceTree = "<group>"; };
		EA76D4C62813EFF300BBB5CC /* SceneDelegate.swift */ = {isa = PBXFileReference; lastKnownFileType = sourcecode.swift; path = SceneDelegate.swift; sourceTree = "<group>"; };
		EA76D4C82813EFF300BBB5CC /* CalendarViewController.swift */ = {isa = PBXFileReference; lastKnownFileType = sourcecode.swift; path = CalendarViewController.swift; sourceTree = "<group>"; };
		EA76D4CB2813EFF300BBB5CC /* Base */ = {isa = PBXFileReference; lastKnownFileType = file.storyboard; name = Base; path = Base.lproj/Main.storyboard; sourceTree = "<group>"; };
		EA76D4CD2813EFF400BBB5CC /* Assets.xcassets */ = {isa = PBXFileReference; lastKnownFileType = folder.assetcatalog; path = Assets.xcassets; sourceTree = "<group>"; };
		EA76D4D02813EFF400BBB5CC /* Base */ = {isa = PBXFileReference; lastKnownFileType = file.storyboard; name = Base; path = Base.lproj/LaunchScreen.storyboard; sourceTree = "<group>"; };
		EA76D4D22813EFF400BBB5CC /* Info.plist */ = {isa = PBXFileReference; lastKnownFileType = text.plist.xml; path = Info.plist; sourceTree = "<group>"; };
		EA76D4D82813F36000BBB5CC /* CalendarCell.swift */ = {isa = PBXFileReference; lastKnownFileType = sourcecode.swift; path = CalendarCell.swift; sourceTree = "<group>"; };
		EA76D4DA2813F77B00BBB5CC /* CalendarManager.swift */ = {isa = PBXFileReference; lastKnownFileType = sourcecode.swift; path = CalendarManager.swift; sourceTree = "<group>"; };
		EA76D4DC2814041300BBB5CC /* DaysViewController.swift */ = {isa = PBXFileReference; lastKnownFileType = sourcecode.swift; path = DaysViewController.swift; sourceTree = "<group>"; };
		EA76D4DE28142B9E00BBB5CC /* MonthPageViewController.swift */ = {isa = PBXFileReference; lastKnownFileType = sourcecode.swift; path = MonthPageViewController.swift; sourceTree = "<group>"; };
/* End PBXFileReference section */

/* Begin PBXFrameworksBuildPhase section */
		EA76D4BE2813EFF300BBB5CC /* Frameworks */ = {
			isa = PBXFrameworksBuildPhase;
			buildActionMask = 2147483647;
			files = (
			);
			runOnlyForDeploymentPostprocessing = 0;
		};
/* End PBXFrameworksBuildPhase section */

/* Begin PBXGroup section */
		EA76D4B82813EFF300BBB5CC = {
			isa = PBXGroup;
			children = (
				EA76D4C32813EFF300BBB5CC /* Calendar-Vezdekod */,
				EA76D4C22813EFF300BBB5CC /* Products */,
			);
			sourceTree = "<group>";
		};
		EA76D4C22813EFF300BBB5CC /* Products */ = {
			isa = PBXGroup;
			children = (
				EA76D4C12813EFF300BBB5CC /* Calendar-Vezdekod.app */,
			);
			name = Products;
			sourceTree = "<group>";
		};
		EA76D4C32813EFF300BBB5CC /* Calendar-Vezdekod */ = {
			isa = PBXGroup;
			children = (
				EA76D4E128142C3F00BBB5CC /* Application */,
				EA76D4E028142C2E00BBB5CC /* Controllers */,
				EA76D4E228142C4700BBB5CC /* Managers */,
				EA76D4E428142C5300BBB5CC /* Views */,
				EA76D4E528142C6400BBB5CC /* Resources */,
				EA76D4D22813EFF400BBB5CC /* Info.plist */,
			);
			path = "Calendar-Vezdekod";
			sourceTree = "<group>";
		};
		EA76D4E028142C2E00BBB5CC /* Controllers */ = {
			isa = PBXGroup;
			children = (
				EA76D4C82813EFF300BBB5CC /* CalendarViewController.swift */,
				EA76D4DC2814041300BBB5CC /* DaysViewController.swift */,
				EA76D4DE28142B9E00BBB5CC /* MonthPageViewController.swift */,
			);
			path = Controllers;
			sourceTree = "<group>";
		};
		EA76D4E128142C3F00BBB5CC /* Application */ = {
			isa = PBXGroup;
			children = (
				EA76D4C42813EFF300BBB5CC /* AppDelegate.swift */,
				EA76D4C62813EFF300BBB5CC /* SceneDelegate.swift */,
			);
			path = Application;
			sourceTree = "<group>";
		};
		EA76D4E228142C4700BBB5CC /* Managers */ = {
			isa = PBXGroup;
			children = (
				EA76D4DA2813F77B00BBB5CC /* CalendarManager.swift */,
			);
			path = Managers;
			sourceTree = "<group>";
		};
		EA76D4E328142C4E00BBB5CC /* Cells */ = {
			isa = PBXGroup;
			children = (
				EA76D4D82813F36000BBB5CC /* CalendarCell.swift */,
			);
			path = Cells;
			sourceTree = "<group>";
		};
		EA76D4E428142C5300BBB5CC /* Views */ = {
			isa = PBXGroup;
			children = (
				EA76D4E328142C4E00BBB5CC /* Cells */,
				EA76D4CA2813EFF300BBB5CC /* Main.storyboard */,
			);
			path = Views;
			sourceTree = "<group>";
		};
		EA76D4E528142C6400BBB5CC /* Resources */ = {
			isa = PBXGroup;
			children = (
				EA76D4CD2813EFF400BBB5CC /* Assets.xcassets */,
				EA76D4CF2813EFF400BBB5CC /* LaunchScreen.storyboard */,
			);
			path = Resources;
			sourceTree = "<group>";
		};
/* End PBXGroup section */

/* Begin PBXNativeTarget section */
		EA76D4C02813EFF300BBB5CC /* Calendar-Vezdekod */ = {
			isa = PBXNativeTarget;
			buildConfigurationList = EA76D4D52813EFF400BBB5CC /* Build configuration list for PBXNativeTarget "Calendar-Vezdekod" */;
			buildPhases = (
				EA76D4BD2813EFF300BBB5CC /* Sources */,
				EA76D4BE2813EFF300BBB5CC /* Frameworks */,
				EA76D4BF2813EFF300BBB5CC /* Resources */,
			);
			buildRules = (
			);
			dependencies = (
			);
			name = "Calendar-Vezdekod";
			productName = "Calendar-Vezdekod";
			productReference = EA76D4C12813EFF300BBB5CC /* Calendar-Vezdekod.app */;
			productType = "com.apple.product-type.application";
		};
/* End PBXNativeTarget section */

/* Begin PBXProject section */
		EA76D4B92813EFF300BBB5CC /* Project object */ = {
			isa = PBXProject;
			attributes = {
				BuildIndependentTargetsInParallel = 1;
				LastSwiftUpdateCheck = 1320;
				LastUpgradeCheck = 1320;
				TargetAttributes = {
					EA76D4C02813EFF300BBB5CC = {
						CreatedOnToolsVersion = 13.2.1;
					};
				};
			};
			buildConfigurationList = EA76D4BC2813EFF300BBB5CC /* Build configuration list for PBXProject "Calendar-Vezdekod" */;
			compatibilityVersion = "Xcode 13.0";
			developmentRegion = en;
			hasScannedForEncodings = 0;
			knownRegions = (
				en,
				Base,
			);
			mainGroup = EA76D4B82813EFF300BBB5CC;
			productRefGroup = EA76D4C22813EFF300BBB5CC /* Products */;
			projectDirPath = "";
			projectRoot = "";
			targets = (
				EA76D4C02813EFF300BBB5CC /* Calendar-Vezdekod */,
			);
		};
/* End PBXProject section */

/* Begin PBXResourcesBuildPhase section */
		EA76D4BF2813EFF300BBB5CC /* Resources */ = {
			isa = PBXResourcesBuildPhase;
			buildActionMask = 2147483647;
			files = (
				EA76D4D12813EFF400BBB5CC /* LaunchScreen.storyboard in Resources */,
				EA76D4CE2813EFF400BBB5CC /* Assets.xcassets in Resources */,
				EA76D4CC2813EFF300BBB5CC /* Main.storyboard in Resources */,
			);
			runOnlyForDeploymentPostprocessing = 0;
		};
/* End PBXResourcesBuildPhase section */

/* Begin PBXSourcesBuildPhase section */
		EA76D4BD2813EFF300BBB5CC /* Sources */ = {
			isa = PBXSourcesBuildPhase;
			buildActionMask = 2147483647;
			files = (
				EA76D4C92813EFF300BBB5CC /* CalendarViewController.swift in Sources */,
				EA76D4C52813EFF300BBB5CC /* AppDelegate.swift in Sources */,
				EA76D4DF28142B9E00BBB5CC /* MonthPageViewController.swift in Sources */,
				EA76D4C72813EFF300BBB5CC /* SceneDelegate.swift in Sources */,
				EA76D4DD2814041300BBB5CC /* DaysViewController.swift in Sources */,
				EA76D4D92813F36000BBB5CC /* CalendarCell.swift in Sources */,
				EA76D4DB2813F77C00BBB5CC /* CalendarManager.swift in Sources */,
			);
			runOnlyForDeploymentPostprocessing = 0;
		};
/* End PBXSourcesBuildPhase section */

/* Begin PBXVariantGroup section */
		EA76D4CA2813EFF300BBB5CC /* Main.storyboard */ = {
			isa = PBXVariantGroup;
			children = (
				EA76D4CB2813EFF300BBB5CC /* Base */,
			);
			name = Main.storyboard;
			sourceTree = "<group>";
		};
		EA76D4CF2813EFF400BBB5CC /* LaunchScreen.storyboard */ = {
			isa = PBXVariantGroup;
			children = (
				EA76D4D02813EFF400BBB5CC /* Base */,
			);
			name = LaunchScreen.storyboard;
			sourceTree = "<group>";
		};
/* End PBXVariantGroup section */

/* Begin XCBuildConfiguration section */
		EA76D4D32813EFF400BBB5CC /* Debug */ = {
			isa = XCBuildConfiguration;
			buildSettings = {
				ALWAYS_SEARCH_USER_PATHS = NO;
				CLANG_ANALYZER_NONNULL = YES;
				CLANG_ANALYZER_NUMBER_OBJECT_CONVERSION = YES_AGGRESSIVE;
				CLANG_CXX_LANGUAGE_STANDARD = "gnu++17";
				CLANG_CXX_LIBRARY = "libc++";
				CLANG_ENABLE_MODULES = YES;
				CLANG_ENABLE_OBJC_ARC = YES;
				CLANG_ENABLE_OBJC_WEAK = YES;
				CLANG_WARN_BLOCK_CAPTURE_AUTORELEASING = YES;
				CLANG_WARN_BOOL_CONVERSION = YES;
				CLANG_WARN_COMMA = YES;
				CLANG_WARN_CONSTANT_CONVERSION = YES;
				CLANG_WARN_DEPRECATED_OBJC_IMPLEMENTATIONS = YES;
				CLANG_WARN_DIRECT_OBJC_ISA_USAGE = YES_ERROR;
				CLANG_WARN_DOCUMENTATION_COMMENTS = YES;
				CLANG_WARN_EMPTY_BODY = YES;
				CLANG_WARN_ENUM_CONVERSION = YES;
				CLANG_WARN_INFINITE_RECURSION = YES;
				CLANG_WARN_INT_CONVERSION = YES;
				CLANG_WARN_NON_LITERAL_NULL_CONVERSION = YES;
				CLANG_WARN_OBJC_IMPLICIT_RETAIN_SELF = YES;
				CLANG_WARN_OBJC_LITERAL_CONVERSION = YES;
				CLANG_WARN_OBJC_ROOT_CLASS = YES_ERROR;
				CLANG_WARN_QUOTED_INCLUDE_IN_FRAMEWORK_HEADER = YES;
				CLANG_WARN_RANGE_LOOP_ANALYSIS = YES;
				CLANG_WARN_STRICT_PROTOTYPES = YES;
				CLANG_WARN_SUSPICIOUS_MOVE = YES;
				CLANG_WARN_UNGUARDED_AVAILABILITY = YES_AGGRESSIVE;
				CLANG_WARN_UNREACHABLE_CODE = YES;
				CLANG_WARN__DUPLICATE_METHOD_MATCH = YES;
				COPY_PHASE_STRIP = NO;
				DEBUG_INFORMATION_FORMAT = dwarf;
				ENABLE_STRICT_OBJC_MSGSEND = YES;
				ENABLE_TESTABILITY = YES;
				GCC_C_LANGUAGE_STANDARD = gnu11;
				GCC_DYNAMIC_NO_PIC = NO;
				GCC_NO_COMMON_BLOCKS = YES;
				GCC_OPTIMIZATION_LEVEL = 0;
				GCC_PREPROCESSOR_DEFINITIONS = (
					"DEBUG=1",
					"$(inherited)",
				);
				GCC_WARN_64_TO_32_BIT_CONVERSION = YES;
				GCC_WARN_ABOUT_RETURN_TYPE = YES_ERROR;
				GCC_WARN_UNDECLARED_SELECTOR = YES;
				GCC_WARN_UNINITIALIZED_AUTOS = YES_AGGRESSIVE;
				GCC_WARN_UNUSED_FUNCTION = YES;
				GCC_WARN_UNUSED_VARIABLE = YES;
				IPHONEOS_DEPLOYMENT_TARGET = 13.0;
				MTL_ENABLE_DEBUG_INFO = INCLUDE_SOURCE;
				MTL_FAST_MATH = YES;
				ONLY_ACTIVE_ARCH = YES;
				SDKROOT = iphoneos;
				SWIFT_ACTIVE_COMPILATION_CONDITIONS = DEBUG;
				SWIFT_OPTIMIZATION_LEVEL = "-Onone";
			};
			name = Debug;
		};
		EA76D4D42813EFF400BBB5CC /* Release */ = {
			isa = XCBuildConfiguration;
			buildSettings = {
				ALWAYS_SEARCH_USER_PATHS = NO;
				CLANG_ANALYZER_NONNULL = YES;
				CLANG_ANALYZER_NUMBER_OBJECT_CONVERSION = YES_AGGRESSIVE;
				CLANG_CXX_LANGUAGE_STANDARD = "gnu++17";
				CLANG_CXX_LIBRARY = "libc++";
				CLANG_ENABLE_MODULES = YES;
				CLANG_ENABLE_OBJC_ARC = YES;
				CLANG_ENABLE_OBJC_WEAK = YES;
				CLANG_WARN_BLOCK_CAPTURE_AUTORELEASING = YES;
				CLANG_WARN_BOOL_CONVERSION = YES;
				CLANG_WARN_COMMA = YES;
				CLANG_WARN_CONSTANT_CONVERSION = YES;
				CLANG_WARN_DEPRECATED_OBJC_IMPLEMENTATIONS = YES;
				CLANG_WARN_DIRECT_OBJC_ISA_USAGE = YES_ERROR;
				CLANG_WARN_DOCUMENTATION_COMMENTS = YES;
				CLANG_WARN_EMPTY_BODY = YES;
				CLANG_WARN_ENUM_CONVERSION = YES;
				CLANG_WARN_INFINITE_RECURSION = YES;
				CLANG_WARN_INT_CONVERSION = YES;
				CLANG_WARN_NON_LITERAL_NULL_CONVERSION = YES;
				CLANG_WARN_OBJC_IMPLICIT_RETAIN_SELF = YES;
				CLANG_WARN_OBJC_LITERAL_CONVERSION = YES;
				CLANG_WARN_OBJC_ROOT_CLASS = YES_ERROR;
				CLANG_WARN_QUOTED_INCLUDE_IN_FRAMEWORK_HEADER = YES;
				CLANG_WARN_RANGE_LOOP_ANALYSIS = YES;
				CLANG_WARN_STRICT_PROTOTYPES = YES;
				CLANG_WARN_SUSPICIOUS_MOVE = YES;
				CLANG_WARN_UNGUARDED_AVAILABILITY = YES_AGGRESSIVE;
				CLANG_WARN_UNREACHABLE_CODE = YES;
				CLANG_WARN__DUPLICATE_METHOD_MATCH = YES;
				COPY_PHASE_STRIP = NO;
				DEBUG_INFORMATION_FORMAT = "dwarf-with-dsym";
				ENABLE_NS_ASSERTIONS = NO;
				ENABLE_STRICT_OBJC_MSGSEND = YES;
				GCC_C_LANGUAGE_STANDARD = gnu11;
				GCC_NO_COMMON_BLOCKS = YES;
				GCC_WARN_64_TO_32_BIT_CONVERSION = YES;
				GCC_WARN_ABOUT_RETURN_TYPE = YES_ERROR;
				GCC_WARN_UNDECLARED_SELECTOR = YES;
				GCC_WARN_UNINITIALIZED_AUTOS = YES_AGGRESSIVE;
				GCC_WARN_UNUSED_FUNCTION = YES;
				GCC_WARN_UNUSED_VARIABLE = YES;
				IPHONEOS_DEPLOYMENT_TARGET = 13.0;
				MTL_ENABLE_DEBUG_INFO = NO;
				MTL_FAST_MATH = YES;
				SDKROOT = iphoneos;
				SWIFT_COMPILATION_MODE = wholemodule;
				SWIFT_OPTIMIZATION_LEVEL = "-O";
				VALIDATE_PRODUCT = YES;
			};
			name = Release;
		};
		EA76D4D62813EFF400BBB5CC /* Debug */ = {
			isa = XCBuildConfiguration;
			buildSettings = {
				ASSETCATALOG_COMPILER_APPICON_NAME = AppIcon;
				ASSETCATALOG_COMPILER_GLOBAL_ACCENT_COLOR_NAME = AccentColor;
				CODE_SIGN_STYLE = Automatic;
				CURRENT_PROJECT_VERSION = 1;
				DEVELOPMENT_TEAM = UG5F626PKK;
				GENERATE_INFOPLIST_FILE = YES;
				INFOPLIST_FILE = "Calendar-Vezdekod/Info.plist";
				INFOPLIST_KEY_UIApplicationSupportsIndirectInputEvents = YES;
				INFOPLIST_KEY_UILaunchStoryboardName = LaunchScreen;
				INFOPLIST_KEY_UIMainStoryboardFile = Main;
				INFOPLIST_KEY_UISupportedInterfaceOrientations = UIInterfaceOrientationPortrait;
				INFOPLIST_KEY_UISupportedInterfaceOrientations_iPad = "UIInterfaceOrientationPortrait UIInterfaceOrientationPortraitUpsideDown UIInterfaceOrientationLandscapeLeft UIInterfaceOrientationLandscapeRight";
				INFOPLIST_KEY_UISupportedInterfaceOrientations_iPhone = "UIInterfaceOrientationPortrait UIInterfaceOrientationLandscapeLeft UIInterfaceOrientationLandscapeRight";
				IPHONEOS_DEPLOYMENT_TARGET = 13.0;
				LD_RUNPATH_SEARCH_PATHS = (
					"$(inherited)",
					"@executable_path/Frameworks",
				);
				MARKETING_VERSION = 1.0;
				PRODUCT_BUNDLE_IDENTIFIER = "alexislog.Calendar-Vezdekod";
				PRODUCT_NAME = "$(TARGET_NAME)";
				SWIFT_EMIT_LOC_STRINGS = YES;
				SWIFT_VERSION = 5.0;
				TARGETED_DEVICE_FAMILY = 1;
			};
			name = Debug;
		};
		EA76D4D72813EFF400BBB5CC /* Release */ = {
			isa = XCBuildConfiguration;
			buildSettings = {
				ASSETCATALOG_COMPILER_APPICON_NAME = AppIcon;
				ASSETCATALOG_COMPILER_GLOBAL_ACCENT_COLOR_NAME = AccentColor;
				CODE_SIGN_STYLE = Automatic;
				CURRENT_PROJECT_VERSION = 1;
				DEVELOPMENT_TEAM = UG5F626PKK;
				GENERATE_INFOPLIST_FILE = YES;
				INFOPLIST_FILE = "Calendar-Vezdekod/Info.plist";
				INFOPLIST_KEY_UIApplicationSupportsIndirectInputEvents = YES;
				INFOPLIST_KEY_UILaunchStoryboardName = LaunchScreen;
				INFOPLIST_KEY_UIMainStoryboardFile = Main;
				INFOPLIST_KEY_UISupportedInterfaceOrientations = UIInterfaceOrientationPortrait;
				INFOPLIST_KEY_UISupportedInterfaceOrientations_iPad = "UIInterfaceOrientationPortrait UIInterfaceOrientationPortraitUpsideDown UIInterfaceOrientationLandscapeLeft UIInterfaceOrientationLandscapeRight";
				INFOPLIST_KEY_UISupportedInterfaceOrientations_iPhone = "UIInterfaceOrientationPortrait UIInterfaceOrientationLandscapeLeft UIInterfaceOrientationLandscapeRight";
				IPHONEOS_DEPLOYMENT_TARGET = 13.0;
				LD_RUNPATH_SEARCH_PATHS = (
					"$(inherited)",
					"@executable_path/Frameworks",
				);
				MARKETING_VERSION = 1.0;
				PRODUCT_BUNDLE_IDENTIFIER = "alexislog.Calendar-Vezdekod";
				PRODUCT_NAME = "$(TARGET_NAME)";
				SWIFT_EMIT_LOC_STRINGS = YES;
				SWIFT_VERSION = 5.0;
				TARGETED_DEVICE_FAMILY = 1;
			};
			name = Release;
		};
/* End XCBuildConfiguration section */

/* Begin XCConfigurationList section */
		EA76D4BC2813EFF300BBB5CC /* Build configuration list for PBXProject "Calendar-Vezdekod" */ = {
			isa = XCConfigurationList;
			buildConfigurations = (
				EA76D4D32813EFF400BBB5CC /* Debug */,
				EA76D4D42813EFF400BBB5CC /* Release */,
			);
			defaultConfigurationIsVisible = 0;
			defaultConfigurationName = Release;
		};
		EA76D4D52813EFF400BBB5CC /* Build configuration list for PBXNativeTarget "Calendar-Vezdekod" */ = {
			isa = XCConfigurationList;
			buildConfigurations = (
				EA76D4D62813EFF400BBB5CC /* Debug */,
				EA76D4D72813EFF400BBB5CC /* Release */,
			);
			defaultConfigurationIsVisible = 0;
			defaultConfigurationName = Release;
		};
/* End XCConfigurationList section */
	};
	rootObject = EA76D4B92813EFF300BBB5CC /* Project object */;
}
